
Microsoft Visual Studio Solution File, Format Version 12.00
# Visual Studio Version 16
VisualStudioVersion = 16.0.29709.97
MinimumVisualStudioVersion = 10.0.40219.1
Project("{FAE04EC0-301F-11D3-BF4B-00C04F79EFBC}") = "techno_practica_Astafiev", "techno_practica_Astafiev\techno_practica_Astafiev.csproj", "{53CB2888-12C2-4723-90DD-71B024C09317}"
EndProject
Global
	GlobalSection(SolutionConfigurationPlatforms) = preSolution
		Debug|Any CPU = Debug|Any CPU
		Release|Any CPU = Release|Any CPU
	EndGlobalSection
	GlobalSection(ProjectConfigurationPlatforms) = postSolution
		{53CB2888-12C2-4723-90DD-71B024C09317}.Debug|Any CPU.ActiveCfg = Debug|Any CPU
		{53CB2888-12C2-4723-90DD-71B024C09317}.Debug|Any CPU.Build.0 = Debug|Any CPU
		{53CB2888-12C2-4723-90DD-71B024C09317}.Release|Any CPU.ActiveCfg = Release|Any CPU
		{53CB2888-12C2-4723-90DD-71B024C09317}.Release|Any CPU.Build.0 = Release|Any CPU
	EndGlobalSection
	GlobalSection(SolutionProperties) = preSolution
		HideSolutionNode = FALSE
	EndGlobalSection
	GlobalSection(ExtensibilityGlobals) = postSolution
		SolutionGuid = {D8558EF6-08AF-4940-9FB4-EB73E596F5DA}
	EndGlobalSection
EndGlobal
